
Microsoft Visual Studio Solution File, Format Version 12.00
# Visual Studio Version 16
VisualStudioVersion = 16.0.31229.75
MinimumVisualStudioVersion = 10.0.40219.1
Project("{8BC9CEB8-8B4A-11D0-8D11-00A0C91BC942}") = "OSaSP_Lab3", "OSaSP_Lab3\OSaSP_Lab3.vcxproj", "{7794057B-1EBD-4E3C-9DAA-9C6C830CEF67}"
EndProject
Project("{8BC9CEB8-8B4A-11D0-8D11-00A0C91BC942}") = "ReplaceStringDll", "ReplaceStringDll\ReplaceStringDll.vcxproj", "{129C83CD-3E90-4CFE-A9E4-21A291C990C6}"
EndProject
Global
	GlobalSection(SolutionConfigurationPlatforms) = preSolution
		Debug|x64 = Debug|x64
		Debug|x86 = Debug|x86
		Release|x64 = Release|x64
		Release|x86 = Release|x86
	EndGlobalSection
	GlobalSection(ProjectConfigurationPlatforms) = postSolution
		{7794057B-1EBD-4E3C-9DAA-9C6C830CEF67}.Debug|x64.ActiveCfg = Debug|x64
		{7794057B-1EBD-4E3C-9DAA-9C6C830CEF67}.Debug|x64.Build.0 = Debug|x64
		{7794057B-1EBD-4E3C-9DAA-9C6C830CEF67}.Debug|x86.ActiveCfg = Debug|Win32
		{7794057B-1EBD-4E3C-9DAA-9C6C830CEF67}.Debug|x86.Build.0 = Debug|Win32
		{7794057B-1EBD-4E3C-9DAA-9C6C830CEF67}.Release|x64.ActiveCfg = Release|x64
		{7794057B-1EBD-4E3C-9DAA-9C6C830CEF67}.Release|x64.Build.0 = Release|x64
		{7794057B-1EBD-4E3C-9DAA-9C6C830CEF67}.Release|x86.ActiveCfg = Release|Win32
		{7794057B-1EBD-4E3C-9DAA-9C6C830CEF67}.Release|x86.Build.0 = Release|Win32
		{129C83CD-3E90-4CFE-A9E4-21A291C990C6}.Debug|x64.ActiveCfg = Debug|x64
		{129C83CD-3E90-4CFE-A9E4-21A291C990C6}.Debug|x64.Build.0 = Debug|x64
		{129C83CD-3E90-4CFE-A9E4-21A291C990C6}.Debug|x86.ActiveCfg = Debug|Win32
		{129C83CD-3E90-4CFE-A9E4-21A291C990C6}.Debug|x86.Build.0 = Debug|Win32
		{129C83CD-3E90-4CFE-A9E4-21A291C990C6}.Release|x64.ActiveCfg = Release|x64
		{129C83CD-3E90-4CFE-A9E4-21A291C990C6}.Release|x64.Build.0 = Release|x64
		{129C83CD-3E90-4CFE-A9E4-21A291C990C6}.Release|x86.ActiveCfg = Release|Win32
		{129C83CD-3E90-4CFE-A9E4-21A291C990C6}.Release|x86.Build.0 = Release|Win32
	EndGlobalSection
	GlobalSection(SolutionProperties) = preSolution
		HideSolutionNode = FALSE
	EndGlobalSection
	GlobalSection(ExtensibilityGlobals) = postSolution
		SolutionGuid = {A0A8B40D-78BA-4A9C-9CC1-A963FEC53134}
	EndGlobalSection
EndGlobal
